
Microsoft Visual Studio Solution File, Format Version 12.00
# Visual Studio Version 17
VisualStudioVersion = 17.11.35222.181
MinimumVisualStudioVersion = 10.0.40219.1
Project("{FAE04EC0-301F-11D3-BF4B-00C04F79EFBC}") = "WeatherInfo", "WeatherInfo.csproj", "{652892D7-EE25-41F7-A8F7-5A382F8D3570}"
EndProject
Global
	GlobalSection(SolutionConfigurationPlatforms) = preSolution
		Debug|Any CPU = Debug|Any CPU
		Release|Any CPU = Release|Any CPU
	EndGlobalSection
	GlobalSection(ProjectConfigurationPlatforms) = postSolution
		{652892D7-EE25-41F7-A8F7-5A382F8D3570}.Debug|Any CPU.ActiveCfg = Debug|Any CPU
		{652892D7-EE25-41F7-A8F7-5A382F8D3570}.Debug|Any CPU.Build.0 = Debug|Any CPU
		{652892D7-EE25-41F7-A8F7-5A382F8D3570}.Release|Any CPU.ActiveCfg = Release|Any CPU
		{652892D7-EE25-41F7-A8F7-5A382F8D3570}.Release|Any CPU.Build.0 = Release|Any CPU
	EndGlobalSection
	GlobalSection(SolutionProperties) = preSolution
		HideSolutionNode = FALSE
	EndGlobalSection
	GlobalSection(ExtensibilityGlobals) = postSolution
		SolutionGuid = {5BF6972F-9759-45C6-9DB5-8DB1DED353B8}
	EndGlobalSection
EndGlobal
